
Microsoft Visual Studio Solution File, Format Version 12.00
# Visual Studio Version 17
VisualStudioVersion = 17.1.32210.238
MinimumVisualStudioVersion = 10.0.40219.1
Project("{9A19103F-16F7-4668-BE54-9A1E7A4F7556}") = "WebContext", "WebContext\WebContext.csproj", "{389963A6-8E86-4542-BBD0-8A8857AB655A}"
EndProject
Global
	GlobalSection(SolutionConfigurationPlatforms) = preSolution
		Debug|Any CPU = Debug|Any CPU
		Release|Any CPU = Release|Any CPU
	EndGlobalSection
	GlobalSection(ProjectConfigurationPlatforms) = postSolution
		{389963A6-8E86-4542-BBD0-8A8857AB655A}.Debug|Any CPU.ActiveCfg = Debug|Any CPU
		{389963A6-8E86-4542-BBD0-8A8857AB655A}.Debug|Any CPU.Build.0 = Debug|Any CPU
		{389963A6-8E86-4542-BBD0-8A8857AB655A}.Release|Any CPU.ActiveCfg = Release|Any CPU
		{389963A6-8E86-4542-BBD0-8A8857AB655A}.Release|Any CPU.Build.0 = Release|Any CPU
	EndGlobalSection
	GlobalSection(SolutionProperties) = preSolution
		HideSolutionNode = FALSE
	EndGlobalSection
	GlobalSection(ExtensibilityGlobals) = postSolution
		SolutionGuid = {CDEE3689-1959-4B28-902F-C469B4FF8A90}
	EndGlobalSection
EndGlobal
